
Microsoft Visual Studio Solution File, Format Version 12.00
# Visual Studio Version 17
VisualStudioVersion = 17.0.32112.339
MinimumVisualStudioVersion = 10.0.40219.1
Project("{FAE04EC0-301F-11D3-BF4B-00C04F79EFBC}") = "keyGenerator", "keyGenerator\keyGenerator.csproj", "{AEA5E46D-31E1-48B3-8BD4-3ECC2ED1CC1D}"
EndProject
Global
	GlobalSection(SolutionConfigurationPlatforms) = preSolution
		Debug|Any CPU = Debug|Any CPU
		Release|Any CPU = Release|Any CPU
	EndGlobalSection
	GlobalSection(ProjectConfigurationPlatforms) = postSolution
		{AEA5E46D-31E1-48B3-8BD4-3ECC2ED1CC1D}.Debug|Any CPU.ActiveCfg = Debug|Any CPU
		{AEA5E46D-31E1-48B3-8BD4-3ECC2ED1CC1D}.Debug|Any CPU.Build.0 = Debug|Any CPU
		{AEA5E46D-31E1-48B3-8BD4-3ECC2ED1CC1D}.Release|Any CPU.ActiveCfg = Release|Any CPU
		{AEA5E46D-31E1-48B3-8BD4-3ECC2ED1CC1D}.Release|Any CPU.Build.0 = Release|Any CPU
	EndGlobalSection
	GlobalSection(SolutionProperties) = preSolution
		HideSolutionNode = FALSE
	EndGlobalSection
	GlobalSection(ExtensibilityGlobals) = postSolution
		SolutionGuid = {FBCCA8BF-3134-4ED2-923E-1D253B911A30}
	EndGlobalSection
EndGlobal
